
Microsoft Visual Studio Solution File, Format Version 12.00
# Visual Studio Version 17
VisualStudioVersion = 17.3.32929.385
MinimumVisualStudioVersion = 10.0.40219.1
Project("{FAE04EC0-301F-11D3-BF4B-00C04F79EFBC}") = "lab3_src", "lab3_src.csproj", "{DF9C24C2-8B80-4439-B1EC-F39CFF87F625}"
EndProject
Global
	GlobalSection(SolutionConfigurationPlatforms) = preSolution
		Debug|Any CPU = Debug|Any CPU
		Release|Any CPU = Release|Any CPU
	EndGlobalSection
	GlobalSection(ProjectConfigurationPlatforms) = postSolution
		{DF9C24C2-8B80-4439-B1EC-F39CFF87F625}.Debug|Any CPU.ActiveCfg = Debug|Any CPU
		{DF9C24C2-8B80-4439-B1EC-F39CFF87F625}.Debug|Any CPU.Build.0 = Debug|Any CPU
		{DF9C24C2-8B80-4439-B1EC-F39CFF87F625}.Release|Any CPU.ActiveCfg = Release|Any CPU
		{DF9C24C2-8B80-4439-B1EC-F39CFF87F625}.Release|Any CPU.Build.0 = Release|Any CPU
	EndGlobalSection
	GlobalSection(SolutionProperties) = preSolution
		HideSolutionNode = FALSE
	EndGlobalSection
	GlobalSection(ExtensibilityGlobals) = postSolution
		SolutionGuid = {15EC695F-C148-4E71-8983-58B4414359D2}
	EndGlobalSection
EndGlobal
